// !$*UTF8*$!
{
	archiveVersion = 1;
	classes = {
	};
	objectVersion = 52;
	objects = {

/* Begin PBXBuildFile section */
		DF01C9FC267F223100A565D3 /* KoiApp.swift in Sources */ = {isa = PBXBuildFile; fileRef = DF01C9E9267F222E00A565D3 /* KoiApp.swift */; };
		DF01C9FD267F223100A565D3 /* KoiApp.swift in Sources */ = {isa = PBXBuildFile; fileRef = DF01C9E9267F222E00A565D3 /* KoiApp.swift */; };
		DF01C9FE267F223100A565D3 /* ContentView.swift in Sources */ = {isa = PBXBuildFile; fileRef = DF01C9EA267F222E00A565D3 /* ContentView.swift */; };
		DF01C9FF267F223100A565D3 /* ContentView.swift in Sources */ = {isa = PBXBuildFile; fileRef = DF01C9EA267F222E00A565D3 /* ContentView.swift */; };
		DF01CA00267F223100A565D3 /* Assets.xcassets in Resources */ = {isa = PBXBuildFile; fileRef = DF01C9EB267F223100A565D3 /* Assets.xcassets */; };
		DF01CA01267F223100A565D3 /* Assets.xcassets in Resources */ = {isa = PBXBuildFile; fileRef = DF01C9EB267F223100A565D3 /* Assets.xcassets */; };
		DF0B6F502680FEAB001FF9D3 /* MangaItem.swift in Sources */ = {isa = PBXBuildFile; fileRef = DF0B6F4F2680FEAB001FF9D3 /* MangaItem.swift */; };
		DF0B6F512680FEAB001FF9D3 /* MangaItem.swift in Sources */ = {isa = PBXBuildFile; fileRef = DF0B6F4F2680FEAB001FF9D3 /* MangaItem.swift */; };
		DF0B6F532680FF14001FF9D3 /* DescriptionGradient.swift in Sources */ = {isa = PBXBuildFile; fileRef = DF0B6F522680FF14001FF9D3 /* DescriptionGradient.swift */; };
		DF0B6F542680FF14001FF9D3 /* DescriptionGradient.swift in Sources */ = {isa = PBXBuildFile; fileRef = DF0B6F522680FF14001FF9D3 /* DescriptionGradient.swift */; };
		DF0B6F562680FF4C001FF9D3 /* MangaDescription.swift in Sources */ = {isa = PBXBuildFile; fileRef = DF0B6F552680FF4C001FF9D3 /* MangaDescription.swift */; };
		DF0B6F572680FF4C001FF9D3 /* MangaDescription.swift in Sources */ = {isa = PBXBuildFile; fileRef = DF0B6F552680FF4C001FF9D3 /* MangaDescription.swift */; };
		DF0B6F592680FFEA001FF9D3 /* MangaDetialView.swift in Sources */ = {isa = PBXBuildFile; fileRef = DF0B6F582680FFEA001FF9D3 /* MangaDetialView.swift */; };
		DF0B6F5A2680FFEA001FF9D3 /* MangaDetialView.swift in Sources */ = {isa = PBXBuildFile; fileRef = DF0B6F582680FFEA001FF9D3 /* MangaDetialView.swift */; };
		DF0B6F5F26810084001FF9D3 /* ChapterListItem.swift in Sources */ = {isa = PBXBuildFile; fileRef = DF0B6F5E26810084001FF9D3 /* ChapterListItem.swift */; };
		DF0B6F6026810084001FF9D3 /* ChapterListItem.swift in Sources */ = {isa = PBXBuildFile; fileRef = DF0B6F5E26810084001FF9D3 /* ChapterListItem.swift */; };
		DFAF2ACC268056640098D268 /* UIImageColors in Frameworks */ = {isa = PBXBuildFile; productRef = DFAF2ACB268056640098D268 /* UIImageColors */; };
		DFAF2AD126805DF60098D268 /* Manga.swift in Sources */ = {isa = PBXBuildFile; fileRef = DFAF2AD026805DF60098D268 /* Manga.swift */; };
		DFAF2AD226805DF60098D268 /* Manga.swift in Sources */ = {isa = PBXBuildFile; fileRef = DFAF2AD026805DF60098D268 /* Manga.swift */; };
		DFAF2AD426805E100098D268 /* Chapter.swift in Sources */ = {isa = PBXBuildFile; fileRef = DFAF2AD326805E100098D268 /* Chapter.swift */; };
		DFAF2AD526805E100098D268 /* Chapter.swift in Sources */ = {isa = PBXBuildFile; fileRef = DFAF2AD326805E100098D268 /* Chapter.swift */; };
		DFAF2ADB26806A1E0098D268 /* TabBar.swift in Sources */ = {isa = PBXBuildFile; fileRef = DFAF2ADA26806A1E0098D268 /* TabBar.swift */; };
		DFAF2ADD26806A680098D268 /* LibraryView.swift in Sources */ = {isa = PBXBuildFile; fileRef = DFAF2ADC26806A680098D268 /* LibraryView.swift */; };
		DFAF2ADE26806A680098D268 /* LibraryView.swift in Sources */ = {isa = PBXBuildFile; fileRef = DFAF2ADC26806A680098D268 /* LibraryView.swift */; };
		DFAF2AE026806A7D0098D268 /* ExploreView.swift in Sources */ = {isa = PBXBuildFile; fileRef = DFAF2ADF26806A7D0098D268 /* ExploreView.swift */; };
		DFAF2AE126806A7D0098D268 /* ExploreView.swift in Sources */ = {isa = PBXBuildFile; fileRef = DFAF2ADF26806A7D0098D268 /* ExploreView.swift */; };
		DFAF2AE326806A8F0098D268 /* MoreView.swift in Sources */ = {isa = PBXBuildFile; fileRef = DFAF2AE226806A8F0098D268 /* MoreView.swift */; };
		DFAF2AE426806A8F0098D268 /* MoreView.swift in Sources */ = {isa = PBXBuildFile; fileRef = DFAF2AE226806A8F0098D268 /* MoreView.swift */; };
		DFAF2AE626806C1E0098D268 /* HistoryView.swift in Sources */ = {isa = PBXBuildFile; fileRef = DFAF2AE526806C1E0098D268 /* HistoryView.swift */; };
		DFAF2AE726806C1E0098D268 /* HistoryView.swift in Sources */ = {isa = PBXBuildFile; fileRef = DFAF2AE526806C1E0098D268 /* HistoryView.swift */; };
		DFAF2AE9268070390098D268 /* Sidebar.swift in Sources */ = {isa = PBXBuildFile; fileRef = DFAF2AE8268070390098D268 /* Sidebar.swift */; };
		DFAF2AEA268070390098D268 /* Sidebar.swift in Sources */ = {isa = PBXBuildFile; fileRef = DFAF2AE8268070390098D268 /* Sidebar.swift */; };
/* End PBXBuildFile section */

/* Begin PBXFileReference section */
		DF01C9E9267F222E00A565D3 /* KoiApp.swift */ = {isa = PBXFileReference; lastKnownFileType = sourcecode.swift; path = KoiApp.swift; sourceTree = "<group>"; };
		DF01C9EA267F222E00A565D3 /* ContentView.swift */ = {isa = PBXFileReference; lastKnownFileType = sourcecode.swift; path = ContentView.swift; sourceTree = "<group>"; };
		DF01C9EB267F223100A565D3 /* Assets.xcassets */ = {isa = PBXFileReference; lastKnownFileType = folder.assetcatalog; path = Assets.xcassets; sourceTree = "<group>"; };
		DF01C9F0267F223100A565D3 /* Koi.app */ = {isa = PBXFileReference; explicitFileType = wrapper.application; includeInIndex = 0; path = Koi.app; sourceTree = BUILT_PRODUCTS_DIR; };
		DF01C9F3267F223100A565D3 /* Info.plist */ = {isa = PBXFileReference; lastKnownFileType = text.plist.xml; path = Info.plist; sourceTree = "<group>"; };
		DF01C9F8267F223100A565D3 /* Koi.app */ = {isa = PBXFileReference; explicitFileType = wrapper.application; includeInIndex = 0; path = Koi.app; sourceTree = BUILT_PRODUCTS_DIR; };
		DF01C9FA267F223100A565D3 /* Info.plist */ = {isa = PBXFileReference; lastKnownFileType = text.plist.xml; path = Info.plist; sourceTree = "<group>"; };
		DF01C9FB267F223100A565D3 /* macOS.entitlements */ = {isa = PBXFileReference; lastKnownFileType = text.plist.entitlements; path = macOS.entitlements; sourceTree = "<group>"; };
		DF0B6F4F2680FEAB001FF9D3 /* MangaItem.swift */ = {isa = PBXFileReference; lastKnownFileType = sourcecode.swift; path = MangaItem.swift; sourceTree = "<group>"; };
		DF0B6F522680FF14001FF9D3 /* DescriptionGradient.swift */ = {isa = PBXFileReference; lastKnownFileType = sourcecode.swift; path = DescriptionGradient.swift; sourceTree = "<group>"; };
		DF0B6F552680FF4C001FF9D3 /* MangaDescription.swift */ = {isa = PBXFileReference; lastKnownFileType = sourcecode.swift; path = MangaDescription.swift; sourceTree = "<group>"; };
		DF0B6F582680FFEA001FF9D3 /* MangaDetialView.swift */ = {isa = PBXFileReference; lastKnownFileType = sourcecode.swift; path = MangaDetialView.swift; sourceTree = "<group>"; };
		DF0B6F5E26810084001FF9D3 /* ChapterListItem.swift */ = {isa = PBXFileReference; lastKnownFileType = sourcecode.swift; path = ChapterListItem.swift; sourceTree = "<group>"; };
		DFAF2AD026805DF60098D268 /* Manga.swift */ = {isa = PBXFileReference; lastKnownFileType = sourcecode.swift; path = Manga.swift; sourceTree = "<group>"; };
		DFAF2AD326805E100098D268 /* Chapter.swift */ = {isa = PBXFileReference; lastKnownFileType = sourcecode.swift; path = Chapter.swift; sourceTree = "<group>"; };
		DFAF2ADA26806A1E0098D268 /* TabBar.swift */ = {isa = PBXFileReference; lastKnownFileType = sourcecode.swift; path = TabBar.swift; sourceTree = "<group>"; };
		DFAF2ADC26806A680098D268 /* LibraryView.swift */ = {isa = PBXFileReference; lastKnownFileType = sourcecode.swift; path = LibraryView.swift; sourceTree = "<group>"; };
		DFAF2ADF26806A7D0098D268 /* ExploreView.swift */ = {isa = PBXFileReference; lastKnownFileType = sourcecode.swift; path = ExploreView.swift; sourceTree = "<group>"; };
		DFAF2AE226806A8F0098D268 /* MoreView.swift */ = {isa = PBXFileReference; lastKnownFileType = sourcecode.swift; path = MoreView.swift; sourceTree = "<group>"; };
		DFAF2AE526806C1E0098D268 /* HistoryView.swift */ = {isa = PBXFileReference; lastKnownFileType = sourcecode.swift; path = HistoryView.swift; sourceTree = "<group>"; };
		DFAF2AE8268070390098D268 /* Sidebar.swift */ = {isa = PBXFileReference; lastKnownFileType = sourcecode.swift; path = Sidebar.swift; sourceTree = "<group>"; };
/* End PBXFileReference section */

/* Begin PBXFrameworksBuildPhase section */
		DF01C9ED267F223100A565D3 /* Frameworks */ = {
			isa = PBXFrameworksBuildPhase;
			buildActionMask = 2147483647;
			files = (
				DFAF2ACC268056640098D268 /* UIImageColors in Frameworks */,
			);
			runOnlyForDeploymentPostprocessing = 0;
		};
		DF01C9F5267F223100A565D3 /* Frameworks */ = {
			isa = PBXFrameworksBuildPhase;
			buildActionMask = 2147483647;
			files = (
			);
			runOnlyForDeploymentPostprocessing = 0;
		};
/* End PBXFrameworksBuildPhase section */

/* Begin PBXGroup section */
		DF01C9E3267F222E00A565D3 = {
			isa = PBXGroup;
			children = (
				DF01C9E8267F222E00A565D3 /* Shared */,
				DF01C9F2267F223100A565D3 /* iOS */,
				DF01C9F9267F223100A565D3 /* macOS */,
				DF01C9F1267F223100A565D3 /* Products */,
			);
			sourceTree = "<group>";
		};
		DF01C9E8267F222E00A565D3 /* Shared */ = {
			isa = PBXGroup;
			children = (
				DFAF2AD9268069E40098D268 /* Navigation */,
				DFAF2AD826805E530098D268 /* Views */,
				DFAF2AD726805E4D0098D268 /* Controllers */,
				DFAF2AD626805E400098D268 /* Items */,
				DFAF2ACD26805DB60098D268 /* Models */,
				DF01C9E9267F222E00A565D3 /* KoiApp.swift */,
				DF01C9EB267F223100A565D3 /* Assets.xcassets */,
			);
			path = Shared;
			sourceTree = "<group>";
		};
		DF01C9F1267F223100A565D3 /* Products */ = {
			isa = PBXGroup;
			children = (
				DF01C9F0267F223100A565D3 /* Koi.app */,
				DF01C9F8267F223100A565D3 /* Koi.app */,
			);
			name = Products;
			sourceTree = "<group>";
		};
		DF01C9F2267F223100A565D3 /* iOS */ = {
			isa = PBXGroup;
			children = (
				DF01C9F3267F223100A565D3 /* Info.plist */,
			);
			path = iOS;
			sourceTree = "<group>";
		};
		DF01C9F9267F223100A565D3 /* macOS */ = {
			isa = PBXGroup;
			children = (
				DF01C9FA267F223100A565D3 /* Info.plist */,
				DF01C9FB267F223100A565D3 /* macOS.entitlements */,
			);
			path = macOS;
			sourceTree = "<group>";
		};
		DFAF2ACD26805DB60098D268 /* Models */ = {
			isa = PBXGroup;
			children = (
				DFAF2AD026805DF60098D268 /* Manga.swift */,
				DFAF2AD326805E100098D268 /* Chapter.swift */,
			);
			path = Models;
			sourceTree = "<group>";
		};
		DFAF2AD626805E400098D268 /* Items */ = {
			isa = PBXGroup;
			children = (
				DF0B6F4F2680FEAB001FF9D3 /* MangaItem.swift */,
				DF0B6F522680FF14001FF9D3 /* DescriptionGradient.swift */,
				DF0B6F552680FF4C001FF9D3 /* MangaDescription.swift */,
				DF0B6F5E26810084001FF9D3 /* ChapterListItem.swift */,
			);
			path = Items;
			sourceTree = "<group>";
		};
		DFAF2AD726805E4D0098D268 /* Controllers */ = {
			isa = PBXGroup;
			children = (
			);
			path = Controllers;
			sourceTree = "<group>";
		};
		DFAF2AD826805E530098D268 /* Views */ = {
			isa = PBXGroup;
			children = (
				DFAF2ADC26806A680098D268 /* LibraryView.swift */,
				DFAF2ADF26806A7D0098D268 /* ExploreView.swift */,
				DFAF2AE226806A8F0098D268 /* MoreView.swift */,
				DFAF2AE526806C1E0098D268 /* HistoryView.swift */,
				DF0B6F582680FFEA001FF9D3 /* MangaDetialView.swift */,
			);
			path = Views;
			sourceTree = "<group>";
		};
		DFAF2AD9268069E40098D268 /* Navigation */ = {
			isa = PBXGroup;
			children = (
				DF01C9EA267F222E00A565D3 /* ContentView.swift */,
				DFAF2ADA26806A1E0098D268 /* TabBar.swift */,
				DFAF2AE8268070390098D268 /* Sidebar.swift */,
			);
			path = Navigation;
			sourceTree = "<group>";
		};
/* End PBXGroup section */

/* Begin PBXNativeTarget section */
		DF01C9EF267F223100A565D3 /* Koi (iOS) */ = {
			isa = PBXNativeTarget;
			buildConfigurationList = DF01CA04267F223100A565D3 /* Build configuration list for PBXNativeTarget "Koi (iOS)" */;
			buildPhases = (
				DF01C9EC267F223100A565D3 /* Sources */,
				DF01C9ED267F223100A565D3 /* Frameworks */,
				DF01C9EE267F223100A565D3 /* Resources */,
			);
			buildRules = (
			);
			dependencies = (
			);
			name = "Koi (iOS)";
			packageProductDependencies = (
				DFAF2ACB268056640098D268 /* UIImageColors */,
			);
			productName = "Koi (iOS)";
			productReference = DF01C9F0267F223100A565D3 /* Koi.app */;
			productType = "com.apple.product-type.application";
		};
		DF01C9F7267F223100A565D3 /* Koi (macOS) */ = {
			isa = PBXNativeTarget;
			buildConfigurationList = DF01CA07267F223100A565D3 /* Build configuration list for PBXNativeTarget "Koi (macOS)" */;
			buildPhases = (
				DF01C9F4267F223100A565D3 /* Sources */,
				DF01C9F5267F223100A565D3 /* Frameworks */,
				DF01C9F6267F223100A565D3 /* Resources */,
			);
			buildRules = (
			);
			dependencies = (
			);
			name = "Koi (macOS)";
			productName = "Koi (macOS)";
			productReference = DF01C9F8267F223100A565D3 /* Koi.app */;
			productType = "com.apple.product-type.application";
		};
/* End PBXNativeTarget section */

/* Begin PBXProject section */
		DF01C9E4267F222E00A565D3 /* Project object */ = {
			isa = PBXProject;
			attributes = {
				LastSwiftUpdateCheck = 1250;
				LastUpgradeCheck = 1250;
				TargetAttributes = {
					DF01C9EF267F223100A565D3 = {
						CreatedOnToolsVersion = 12.5;
					};
					DF01C9F7267F223100A565D3 = {
						CreatedOnToolsVersion = 12.5;
					};
				};
			};
			buildConfigurationList = DF01C9E7267F222E00A565D3 /* Build configuration list for PBXProject "Koi" */;
			compatibilityVersion = "Xcode 9.3";
			developmentRegion = en;
			hasScannedForEncodings = 0;
			knownRegions = (
				en,
				Base,
			);
			mainGroup = DF01C9E3267F222E00A565D3;
			packageReferences = (
				DFAF2ACA268056640098D268 /* XCRemoteSwiftPackageReference "UIImageColors" */,
			);
			productRefGroup = DF01C9F1267F223100A565D3 /* Products */;
			projectDirPath = "";
			projectRoot = "";
			targets = (
				DF01C9EF267F223100A565D3 /* Koi (iOS) */,
				DF01C9F7267F223100A565D3 /* Koi (macOS) */,
			);
		};
/* End PBXProject section */

/* Begin PBXResourcesBuildPhase section */
		DF01C9EE267F223100A565D3 /* Resources */ = {
			isa = PBXResourcesBuildPhase;
			buildActionMask = 2147483647;
			files = (
				DF01CA00267F223100A565D3 /* Assets.xcassets in Resources */,
			);
			runOnlyForDeploymentPostprocessing = 0;
		};
		DF01C9F6267F223100A565D3 /* Resources */ = {
			isa = PBXResourcesBuildPhase;
			buildActionMask = 2147483647;
			files = (
				DF01CA01267F223100A565D3 /* Assets.xcassets in Resources */,
			);
			runOnlyForDeploymentPostprocessing = 0;
		};
/* End PBXResourcesBuildPhase section */

/* Begin PBXSourcesBuildPhase section */
		DF01C9EC267F223100A565D3 /* Sources */ = {
			isa = PBXSourcesBuildPhase;
			buildActionMask = 2147483647;
			files = (
				DFAF2AE9268070390098D268 /* Sidebar.swift in Sources */,
				DF0B6F562680FF4C001FF9D3 /* MangaDescription.swift in Sources */,
				DF0B6F5F26810084001FF9D3 /* ChapterListItem.swift in Sources */,
				DFAF2AE026806A7D0098D268 /* ExploreView.swift in Sources */,
				DFAF2AD126805DF60098D268 /* Manga.swift in Sources */,
				DF0B6F592680FFEA001FF9D3 /* MangaDetialView.swift in Sources */,
				DF01C9FE267F223100A565D3 /* ContentView.swift in Sources */,
				DF01C9FC267F223100A565D3 /* KoiApp.swift in Sources */,
				DFAF2AD426805E100098D268 /* Chapter.swift in Sources */,
				DFAF2ADD26806A680098D268 /* LibraryView.swift in Sources */,
				DFAF2ADB26806A1E0098D268 /* TabBar.swift in Sources */,
				DFAF2AE626806C1E0098D268 /* HistoryView.swift in Sources */,
				DF0B6F502680FEAB001FF9D3 /* MangaItem.swift in Sources */,
				DF0B6F532680FF14001FF9D3 /* DescriptionGradient.swift in Sources */,
				DFAF2AE326806A8F0098D268 /* MoreView.swift in Sources */,
			);
			runOnlyForDeploymentPostprocessing = 0;
		};
		DF01C9F4267F223100A565D3 /* Sources */ = {
			isa = PBXSourcesBuildPhase;
			buildActionMask = 2147483647;
			files = (
				DFAF2AE426806A8F0098D268 /* MoreView.swift in Sources */,
				DF0B6F572680FF4C001FF9D3 /* MangaDescription.swift in Sources */,
				DF0B6F6026810084001FF9D3 /* ChapterListItem.swift in Sources */,
				DF0B6F512680FEAB001FF9D3 /* MangaItem.swift in Sources */,
				DFAF2AE726806C1E0098D268 /* HistoryView.swift in Sources */,
				DFAF2AD226805DF60098D268 /* Manga.swift in Sources */,
				DF01C9FF267F223100A565D3 /* ContentView.swift in Sources */,
				DF0B6F5A2680FFEA001FF9D3 /* MangaDetialView.swift in Sources */,
				DF01C9FD267F223100A565D3 /* KoiApp.swift in Sources */,
				DFAF2ADE26806A680098D268 /* LibraryView.swift in Sources */,
				DFAF2AE126806A7D0098D268 /* ExploreView.swift in Sources */,
				DFAF2AEA268070390098D268 /* Sidebar.swift in Sources */,
				DF0B6F542680FF14001FF9D3 /* DescriptionGradient.swift in Sources */,
				DFAF2AD526805E100098D268 /* Chapter.swift in Sources */,
			);
			runOnlyForDeploymentPostprocessing = 0;
		};
/* End PBXSourcesBuildPhase section */

/* Begin XCBuildConfiguration section */
		DF01CA02267F223100A565D3 /* Debug */ = {
			isa = XCBuildConfiguration;
			buildSettings = {
				ALWAYS_SEARCH_USER_PATHS = NO;
				CLANG_ANALYZER_NONNULL = YES;
				CLANG_ANALYZER_NUMBER_OBJECT_CONVERSION = YES_AGGRESSIVE;
				CLANG_CXX_LANGUAGE_STANDARD = "gnu++14";
				CLANG_CXX_LIBRARY = "libc++";
				CLANG_ENABLE_MODULES = YES;
				CLANG_ENABLE_OBJC_ARC = YES;
				CLANG_ENABLE_OBJC_WEAK = YES;
				CLANG_WARN_BLOCK_CAPTURE_AUTORELEASING = YES;
				CLANG_WARN_BOOL_CONVERSION = YES;
				CLANG_WARN_COMMA = YES;
				CLANG_WARN_CONSTANT_CONVERSION = YES;
				CLANG_WARN_DEPRECATED_OBJC_IMPLEMENTATIONS = YES;
				CLANG_WARN_DIRECT_OBJC_ISA_USAGE = YES_ERROR;
				CLANG_WARN_DOCUMENTATION_COMMENTS = YES;
				CLANG_WARN_EMPTY_BODY = YES;
				CLANG_WARN_ENUM_CONVERSION = YES;
				CLANG_WARN_INFINITE_RECURSION = YES;
				CLANG_WARN_INT_CONVERSION = YES;
				CLANG_WARN_NON_LITERAL_NULL_CONVERSION = YES;
				CLANG_WARN_OBJC_IMPLICIT_RETAIN_SELF = YES;
				CLANG_WARN_OBJC_LITERAL_CONVERSION = YES;
				CLANG_WARN_OBJC_ROOT_CLASS = YES_ERROR;
				CLANG_WARN_QUOTED_INCLUDE_IN_FRAMEWORK_HEADER = YES;
				CLANG_WARN_RANGE_LOOP_ANALYSIS = YES;
				CLANG_WARN_STRICT_PROTOTYPES = YES;
				CLANG_WARN_SUSPICIOUS_MOVE = YES;
				CLANG_WARN_UNGUARDED_AVAILABILITY = YES_AGGRESSIVE;
				CLANG_WARN_UNREACHABLE_CODE = YES;
				CLANG_WARN__DUPLICATE_METHOD_MATCH = YES;
				COPY_PHASE_STRIP = NO;
				DEBUG_INFORMATION_FORMAT = dwarf;
				ENABLE_STRICT_OBJC_MSGSEND = YES;
				ENABLE_TESTABILITY = YES;
				GCC_C_LANGUAGE_STANDARD = gnu11;
				GCC_DYNAMIC_NO_PIC = NO;
				GCC_NO_COMMON_BLOCKS = YES;
				GCC_OPTIMIZATION_LEVEL = 0;
				GCC_PREPROCESSOR_DEFINITIONS = (
					"DEBUG=1",
					"$(inherited)",
				);
				GCC_WARN_64_TO_32_BIT_CONVERSION = YES;
				GCC_WARN_ABOUT_RETURN_TYPE = YES_ERROR;
				GCC_WARN_UNDECLARED_SELECTOR = YES;
				GCC_WARN_UNINITIALIZED_AUTOS = YES_AGGRESSIVE;
				GCC_WARN_UNUSED_FUNCTION = YES;
				GCC_WARN_UNUSED_VARIABLE = YES;
				MTL_ENABLE_DEBUG_INFO = INCLUDE_SOURCE;
				MTL_FAST_MATH = YES;
				ONLY_ACTIVE_ARCH = YES;
				SWIFT_ACTIVE_COMPILATION_CONDITIONS = DEBUG;
				SWIFT_OPTIMIZATION_LEVEL = "-Onone";
			};
			name = Debug;
		};
		DF01CA03267F223100A565D3 /* Release */ = {
			isa = XCBuildConfiguration;
			buildSettings = {
				ALWAYS_SEARCH_USER_PATHS = NO;
				CLANG_ANALYZER_NONNULL = YES;
				CLANG_ANALYZER_NUMBER_OBJECT_CONVERSION = YES_AGGRESSIVE;
				CLANG_CXX_LANGUAGE_STANDARD = "gnu++14";
				CLANG_CXX_LIBRARY = "libc++";
				CLANG_ENABLE_MODULES = YES;
				CLANG_ENABLE_OBJC_ARC = YES;
				CLANG_ENABLE_OBJC_WEAK = YES;
				CLANG_WARN_BLOCK_CAPTURE_AUTORELEASING = YES;
				CLANG_WARN_BOOL_CONVERSION = YES;
				CLANG_WARN_COMMA = YES;
				CLANG_WARN_CONSTANT_CONVERSION = YES;
				CLANG_WARN_DEPRECATED_OBJC_IMPLEMENTATIONS = YES;
				CLANG_WARN_DIRECT_OBJC_ISA_USAGE = YES_ERROR;
				CLANG_WARN_DOCUMENTATION_COMMENTS = YES;
				CLANG_WARN_EMPTY_BODY = YES;
				CLANG_WARN_ENUM_CONVERSION = YES;
				CLANG_WARN_INFINITE_RECURSION = YES;
				CLANG_WARN_INT_CONVERSION = YES;
				CLANG_WARN_NON_LITERAL_NULL_CONVERSION = YES;
				CLANG_WARN_OBJC_IMPLICIT_RETAIN_SELF = YES;
				CLANG_WARN_OBJC_LITERAL_CONVERSION = YES;
				CLANG_WARN_OBJC_ROOT_CLASS = YES_ERROR;
				CLANG_WARN_QUOTED_INCLUDE_IN_FRAMEWORK_HEADER = YES;
				CLANG_WARN_RANGE_LOOP_ANALYSIS = YES;
				CLANG_WARN_STRICT_PROTOTYPES = YES;
				CLANG_WARN_SUSPICIOUS_MOVE = YES;
				CLANG_WARN_UNGUARDED_AVAILABILITY = YES_AGGRESSIVE;
				CLANG_WARN_UNREACHABLE_CODE = YES;
				CLANG_WARN__DUPLICATE_METHOD_MATCH = YES;
				COPY_PHASE_STRIP = NO;
				DEBUG_INFORMATION_FORMAT = "dwarf-with-dsym";
				ENABLE_NS_ASSERTIONS = NO;
				ENABLE_STRICT_OBJC_MSGSEND = YES;
				GCC_C_LANGUAGE_STANDARD = gnu11;
				GCC_NO_COMMON_BLOCKS = YES;
				GCC_WARN_64_TO_32_BIT_CONVERSION = YES;
				GCC_WARN_ABOUT_RETURN_TYPE = YES_ERROR;
				GCC_WARN_UNDECLARED_SELECTOR = YES;
				GCC_WARN_UNINITIALIZED_AUTOS = YES_AGGRESSIVE;
				GCC_WARN_UNUSED_FUNCTION = YES;
				GCC_WARN_UNUSED_VARIABLE = YES;
				MTL_ENABLE_DEBUG_INFO = NO;
				MTL_FAST_MATH = YES;
				SWIFT_COMPILATION_MODE = wholemodule;
				SWIFT_OPTIMIZATION_LEVEL = "-O";
			};
			name = Release;
		};
		DF01CA05267F223100A565D3 /* Debug */ = {
			isa = XCBuildConfiguration;
			buildSettings = {
				ASSETCATALOG_COMPILER_APPICON_NAME = AppIcon;
				ASSETCATALOG_COMPILER_GLOBAL_ACCENT_COLOR_NAME = AccentColor;
				CODE_SIGN_STYLE = Automatic;
				DEVELOPMENT_TEAM = Z9674FK5B6;
				ENABLE_PREVIEWS = YES;
				INFOPLIST_FILE = iOS/Info.plist;
				IPHONEOS_DEPLOYMENT_TARGET = 14.0;
				LD_RUNPATH_SEARCH_PATHS = (
					"$(inherited)",
					"@executable_path/Frameworks",
				);
				PRODUCT_BUNDLE_IDENTIFIER = com.soda.Koi;
				PRODUCT_NAME = Koi;
				SDKROOT = iphoneos;
				SWIFT_VERSION = 5.0;
				TARGETED_DEVICE_FAMILY = "1,2";
			};
			name = Debug;
		};
		DF01CA06267F223100A565D3 /* Release */ = {
			isa = XCBuildConfiguration;
			buildSettings = {
				ASSETCATALOG_COMPILER_APPICON_NAME = AppIcon;
				ASSETCATALOG_COMPILER_GLOBAL_ACCENT_COLOR_NAME = AccentColor;
				CODE_SIGN_STYLE = Automatic;
				DEVELOPMENT_TEAM = Z9674FK5B6;
				ENABLE_PREVIEWS = YES;
				INFOPLIST_FILE = iOS/Info.plist;
				IPHONEOS_DEPLOYMENT_TARGET = 14.0;
				LD_RUNPATH_SEARCH_PATHS = (
					"$(inherited)",
					"@executable_path/Frameworks",
				);
				PRODUCT_BUNDLE_IDENTIFIER = com.soda.Koi;
				PRODUCT_NAME = Koi;
				SDKROOT = iphoneos;
				SWIFT_VERSION = 5.0;
				TARGETED_DEVICE_FAMILY = "1,2";
				VALIDATE_PRODUCT = YES;
			};
			name = Release;
		};
		DF01CA08267F223100A565D3 /* Debug */ = {
			isa = XCBuildConfiguration;
			buildSettings = {
				ASSETCATALOG_COMPILER_APPICON_NAME = AppIcon;
				ASSETCATALOG_COMPILER_GLOBAL_ACCENT_COLOR_NAME = AccentColor;
				CODE_SIGN_ENTITLEMENTS = macOS/macOS.entitlements;
				CODE_SIGN_STYLE = Automatic;
				COMBINE_HIDPI_IMAGES = YES;
				DEVELOPMENT_TEAM = Z9674FK5B6;
				ENABLE_HARDENED_RUNTIME = YES;
				ENABLE_PREVIEWS = YES;
				INFOPLIST_FILE = macOS/Info.plist;
				LD_RUNPATH_SEARCH_PATHS = (
					"$(inherited)",
					"@executable_path/../Frameworks",
				);
				MACOSX_DEPLOYMENT_TARGET = 11.0;
				PRODUCT_BUNDLE_IDENTIFIER = com.soda.Koi;
				PRODUCT_NAME = Koi;
				SDKROOT = macosx;
				SWIFT_VERSION = 5.0;
			};
			name = Debug;
		};
		DF01CA09267F223100A565D3 /* Release */ = {
			isa = XCBuildConfiguration;
			buildSettings = {
				ASSETCATALOG_COMPILER_APPICON_NAME = AppIcon;
				ASSETCATALOG_COMPILER_GLOBAL_ACCENT_COLOR_NAME = AccentColor;
				CODE_SIGN_ENTITLEMENTS = macOS/macOS.entitlements;
				CODE_SIGN_STYLE = Automatic;
				COMBINE_HIDPI_IMAGES = YES;
				DEVELOPMENT_TEAM = Z9674FK5B6;
				ENABLE_HARDENED_RUNTIME = YES;
				ENABLE_PREVIEWS = YES;
				INFOPLIST_FILE = macOS/Info.plist;
				LD_RUNPATH_SEARCH_PATHS = (
					"$(inherited)",
					"@executable_path/../Frameworks",
				);
				MACOSX_DEPLOYMENT_TARGET = 11.0;
				PRODUCT_BUNDLE_IDENTIFIER = com.soda.Koi;
				PRODUCT_NAME = Koi;
				SDKROOT = macosx;
				SWIFT_VERSION = 5.0;
			};
			name = Release;
		};
/* End XCBuildConfiguration section */

/* Begin XCConfigurationList section */
		DF01C9E7267F222E00A565D3 /* Build configuration list for PBXProject "Koi" */ = {
			isa = XCConfigurationList;
			buildConfigurations = (
				DF01CA02267F223100A565D3 /* Debug */,
				DF01CA03267F223100A565D3 /* Release */,
			);
			defaultConfigurationIsVisible = 0;
			defaultConfigurationName = Release;
		};
		DF01CA04267F223100A565D3 /* Build configuration list for PBXNativeTarget "Koi (iOS)" */ = {
			isa = XCConfigurationList;
			buildConfigurations = (
				DF01CA05267F223100A565D3 /* Debug */,
				DF01CA06267F223100A565D3 /* Release */,
			);
			defaultConfigurationIsVisible = 0;
			defaultConfigurationName = Release;
		};
		DF01CA07267F223100A565D3 /* Build configuration list for PBXNativeTarget "Koi (macOS)" */ = {
			isa = XCConfigurationList;
			buildConfigurations = (
				DF01CA08267F223100A565D3 /* Debug */,
				DF01CA09267F223100A565D3 /* Release */,
			);
			defaultConfigurationIsVisible = 0;
			defaultConfigurationName = Release;
		};
/* End XCConfigurationList section */

/* Begin XCRemoteSwiftPackageReference section */
		DFAF2ACA268056640098D268 /* XCRemoteSwiftPackageReference "UIImageColors" */ = {
			isa = XCRemoteSwiftPackageReference;
			repositoryURL = "https://github.com/jathu/UIImageColors.git";
			requirement = {
				kind = upToNextMajorVersion;
				minimumVersion = 2.2.0;
			};
		};
/* End XCRemoteSwiftPackageReference section */

/* Begin XCSwiftPackageProductDependency section */
		DFAF2ACB268056640098D268 /* UIImageColors */ = {
			isa = XCSwiftPackageProductDependency;
			package = DFAF2ACA268056640098D268 /* XCRemoteSwiftPackageReference "UIImageColors" */;
			productName = UIImageColors;
		};
/* End XCSwiftPackageProductDependency section */
	};
	rootObject = DF01C9E4267F222E00A565D3 /* Project object */;
}
